// !$*UTF8*$!
{
	archiveVersion = 1;
	classes = {
	};
	objectVersion = 50;
	objects = {

/* Begin PBXBuildFile section */
		6F1FC2FF25D8478300484116 /* NSObjectTest.swift in Sources */ = {isa = PBXBuildFile; fileRef = 6F1FC2FE25D8478300484116 /* NSObjectTest.swift */; };
		6F1FC30F25D8519100484116 /* RocketsNavigationController.swift in Sources */ = {isa = PBXBuildFile; fileRef = 6F1FC30E25D8519100484116 /* RocketsNavigationController.swift */; };
		6F1FC31525D853C300484116 /* Colors.swift in Sources */ = {isa = PBXBuildFile; fileRef = 6F1FC31425D853C300484116 /* Colors.swift */; };
		6F1FC33025D8590000484116 /* Strings.swift in Sources */ = {isa = PBXBuildFile; fileRef = 6F1FC32F25D8590000484116 /* Strings.swift */; };
		6F1FC33B25D894F100484116 /* RocketTableViewCell.swift in Sources */ = {isa = PBXBuildFile; fileRef = 6F1FC33A25D894F100484116 /* RocketTableViewCell.swift */; };
		6F4174FD25D83D4E00E95CBC /* NSObject.swift in Sources */ = {isa = PBXBuildFile; fileRef = 6F4174FC25D83D4E00E95CBC /* NSObject.swift */; };
		6F41750325D83F4700E95CBC /* UIView.swift in Sources */ = {isa = PBXBuildFile; fileRef = 6F41750225D83F4700E95CBC /* UIView.swift */; };
		6F7A761525D99B990039019B /* Endpoint.swift in Sources */ = {isa = PBXBuildFile; fileRef = 6F7A761425D99B990039019B /* Endpoint.swift */; };
		6F7A762225D9A3AA0039019B /* ResponseError.swift in Sources */ = {isa = PBXBuildFile; fileRef = 6F7A762125D9A3AA0039019B /* ResponseError.swift */; };
		6F7A762825D9A5FE0039019B /* WebService.swift in Sources */ = {isa = PBXBuildFile; fileRef = 6F7A762725D9A5FE0039019B /* WebService.swift */; };
		6F7A762E25D9AB7F0039019B /* WebServiceLocator.swift in Sources */ = {isa = PBXBuildFile; fileRef = 6F7A762D25D9AB7F0039019B /* WebServiceLocator.swift */; };
		6F7A763525D9AD7D0039019B /* RocketListRepository.swift in Sources */ = {isa = PBXBuildFile; fileRef = 6F7A763425D9AD7D0039019B /* RocketListRepository.swift */; };
		6F7A764025D9AF250039019B /* Rocket.swift in Sources */ = {isa = PBXBuildFile; fileRef = 6F7A763F25D9AF250039019B /* Rocket.swift */; };
		6F7A764A25D9AF5B0039019B /* RocketListServiceResponse.swift in Sources */ = {isa = PBXBuildFile; fileRef = 6F7A764925D9AF5B0039019B /* RocketListServiceResponse.swift */; };
		6F7A765125D9EC740039019B /* RocketListViewModel.swift in Sources */ = {isa = PBXBuildFile; fileRef = 6F7A765025D9EC740039019B /* RocketListViewModel.swift */; };
		6F7A765E25D9FCAF0039019B /* ErrorView.xib in Resources */ = {isa = PBXBuildFile; fileRef = 6F7A765D25D9FCAF0039019B /* ErrorView.xib */; };
		6F7A766425D9FCC50039019B /* ErrorView.swift in Sources */ = {isa = PBXBuildFile; fileRef = 6F7A766325D9FCC50039019B /* ErrorView.swift */; };
		6F7A766A25DA00620039019B /* NibViewLoad.swift in Sources */ = {isa = PBXBuildFile; fileRef = 6F7A766925DA00620039019B /* NibViewLoad.swift */; };
		6F7A767125DA00BB0039019B /* Constants.swift in Sources */ = {isa = PBXBuildFile; fileRef = 6F7A767025DA00BB0039019B /* Constants.swift */; };
		6F7A768425DA08B50039019B /* Assets.xcassets in Resources */ = {isa = PBXBuildFile; fileRef = 6F7A768325DA08B50039019B /* Assets.xcassets */; };
		6F7A768F25DA843E0039019B /* DateManager.swift in Sources */ = {isa = PBXBuildFile; fileRef = 6F7A768E25DA843E0039019B /* DateManager.swift */; };
		6F7A76A625DA949A0039019B /* RocketTest.swift in Sources */ = {isa = PBXBuildFile; fileRef = 6F7A76A525DA949A0039019B /* RocketTest.swift */; };
		6F7A76B825DAEBB50039019B /* NibViewLoadTest.swift in Sources */ = {isa = PBXBuildFile; fileRef = 6F7A76B725DAEBB50039019B /* NibViewLoadTest.swift */; };
		6F7A76C325DAEF5D0039019B /* UIViewTest.swift in Sources */ = {isa = PBXBuildFile; fileRef = 6F7A76C225DAEF5D0039019B /* UIViewTest.swift */; };
		6F7A76D225DAF17D0039019B /* ResponseErrorTest.swift in Sources */ = {isa = PBXBuildFile; fileRef = 6F7A76D125DAF17D0039019B /* ResponseErrorTest.swift */; };
		6F7A76D925DAF3900039019B /* DateManagerTest.swift in Sources */ = {isa = PBXBuildFile; fileRef = 6F7A76D825DAF3900039019B /* DateManagerTest.swift */; };
		6F7A76E625DAF7720039019B /* ErrorViewTest.swift in Sources */ = {isa = PBXBuildFile; fileRef = 6F7A76E525DAF7720039019B /* ErrorViewTest.swift */; };
		6F7A76F125DAF9590039019B /* RocketListViewModelTest.swift in Sources */ = {isa = PBXBuildFile; fileRef = 6F7A76F025DAF9590039019B /* RocketListViewModelTest.swift */; };
		6F7A76FB25DB09500039019B /* WebServiceTest.swift in Sources */ = {isa = PBXBuildFile; fileRef = 6F7A76FA25DB09500039019B /* WebServiceTest.swift */; };
		6F7A770225DB0C880039019B /* RocketsTest.json in Resources */ = {isa = PBXBuildFile; fileRef = 6F7A770125DB0C880039019B /* RocketsTest.json */; };
		6F8BA3C125D7D28900EE7E2F /* AppDelegate.swift in Sources */ = {isa = PBXBuildFile; fileRef = 6F8BA3C025D7D28900EE7E2F /* AppDelegate.swift */; };
		6F8BA3C325D7D28900EE7E2F /* SceneDelegate.swift in Sources */ = {isa = PBXBuildFile; fileRef = 6F8BA3C225D7D28900EE7E2F /* SceneDelegate.swift */; };
		6F8BA3C525D7D28900EE7E2F /* ViewController.swift in Sources */ = {isa = PBXBuildFile; fileRef = 6F8BA3C425D7D28900EE7E2F /* ViewController.swift */; };
		6F8BA3CA25D7D28B00EE7E2F /* Assets.xcassets in Resources */ = {isa = PBXBuildFile; fileRef = 6F8BA3C925D7D28B00EE7E2F /* Assets.xcassets */; };
		6F8BA3CD25D7D28B00EE7E2F /* LaunchScreen.storyboard in Resources */ = {isa = PBXBuildFile; fileRef = 6F8BA3CB25D7D28B00EE7E2F /* LaunchScreen.storyboard */; };
		6F8BA3D825D7D28C00EE7E2F /* RocketTests.swift in Sources */ = {isa = PBXBuildFile; fileRef = 6F8BA3D725D7D28C00EE7E2F /* RocketTests.swift */; };
		6F8BA3E325D7D28C00EE7E2F /* RocketUITests.swift in Sources */ = {isa = PBXBuildFile; fileRef = 6F8BA3E225D7D28C00EE7E2F /* RocketUITests.swift */; };
		6F8BA52225D7DBED00EE7E2F /* RocketLogic.framework in Frameworks */ = {isa = PBXBuildFile; fileRef = 6F8BA51925D7DBED00EE7E2F /* RocketLogic.framework */; };
		6F8BA52925D7DBED00EE7E2F /* RocketLogicTests.swift in Sources */ = {isa = PBXBuildFile; fileRef = 6F8BA52825D7DBED00EE7E2F /* RocketLogicTests.swift */; };
		6F8BA52B25D7DBED00EE7E2F /* RocketLogic.h in Headers */ = {isa = PBXBuildFile; fileRef = 6F8BA51B25D7DBED00EE7E2F /* RocketLogic.h */; settings = {ATTRIBUTES = (Public, ); }; };
		6F8BA52E25D7DBED00EE7E2F /* RocketLogic.framework in Frameworks */ = {isa = PBXBuildFile; fileRef = 6F8BA51925D7DBED00EE7E2F /* RocketLogic.framework */; };
		6F8BA52F25D7DBED00EE7E2F /* RocketLogic.framework in Embed Frameworks */ = {isa = PBXBuildFile; fileRef = 6F8BA51925D7DBED00EE7E2F /* RocketLogic.framework */; settings = {ATTRIBUTES = (CodeSignOnCopy, RemoveHeadersOnCopy, ); }; };
		6F8BA56025D7E88900EE7E2F /* Localizable.strings in Resources */ = {isa = PBXBuildFile; fileRef = 6F8BA56225D7E88900EE7E2F /* Localizable.strings */; };
		6F8BA57125D7EDD000EE7E2F /* RocketListViewController.swift in Sources */ = {isa = PBXBuildFile; fileRef = 6F8BA57025D7EDD000EE7E2F /* RocketListViewController.swift */; };
		6F8BA57825D7EE6000EE7E2F /* RocketLogicServiceLocator.swift in Sources */ = {isa = PBXBuildFile; fileRef = 6F8BA57725D7EE6000EE7E2F /* RocketLogicServiceLocator.swift */; };
		6F8BA58225D7EF1E00EE7E2F /* RocketsListCoordinator.swift in Sources */ = {isa = PBXBuildFile; fileRef = 6F8BA58125D7EF1E00EE7E2F /* RocketsListCoordinator.swift */; };
		6F8BA58925D8247000EE7E2F /* AppServiceLocator.swift in Sources */ = {isa = PBXBuildFile; fileRef = 6F8BA58825D8247000EE7E2F /* AppServiceLocator.swift */; };
/* End PBXBuildFile section */

/* Begin PBXContainerItemProxy section */
		6F8BA3D425D7D28C00EE7E2F /* PBXContainerItemProxy */ = {
			isa = PBXContainerItemProxy;
			containerPortal = 6F8BA3B525D7D28900EE7E2F /* Project object */;
			proxyType = 1;
			remoteGlobalIDString = 6F8BA3BC25D7D28900EE7E2F;
			remoteInfo = Rocket;
		};
		6F8BA3DF25D7D28C00EE7E2F /* PBXContainerItemProxy */ = {
			isa = PBXContainerItemProxy;
			containerPortal = 6F8BA3B525D7D28900EE7E2F /* Project object */;
			proxyType = 1;
			remoteGlobalIDString = 6F8BA3BC25D7D28900EE7E2F;
			remoteInfo = Rocket;
		};
		6F8BA52325D7DBED00EE7E2F /* PBXContainerItemProxy */ = {
			isa = PBXContainerItemProxy;
			containerPortal = 6F8BA3B525D7D28900EE7E2F /* Project object */;
			proxyType = 1;
			remoteGlobalIDString = 6F8BA51825D7DBED00EE7E2F;
			remoteInfo = RocketLogic;
		};
		6F8BA52525D7DBED00EE7E2F /* PBXContainerItemProxy */ = {
			isa = PBXContainerItemProxy;
			containerPortal = 6F8BA3B525D7D28900EE7E2F /* Project object */;
			proxyType = 1;
			remoteGlobalIDString = 6F8BA3BC25D7D28900EE7E2F;
			remoteInfo = Rocket;
		};
		6F8BA52C25D7DBED00EE7E2F /* PBXContainerItemProxy */ = {
			isa = PBXContainerItemProxy;
			containerPortal = 6F8BA3B525D7D28900EE7E2F /* Project object */;
			proxyType = 1;
			remoteGlobalIDString = 6F8BA51825D7DBED00EE7E2F;
			remoteInfo = RocketLogic;
		};
/* End PBXContainerItemProxy section */

/* Begin PBXCopyFilesBuildPhase section */
		6F8BA53025D7DBED00EE7E2F /* Embed Frameworks */ = {
			isa = PBXCopyFilesBuildPhase;
			buildActionMask = 2147483647;
			dstPath = "";
			dstSubfolderSpec = 10;
			files = (
				6F8BA52F25D7DBED00EE7E2F /* RocketLogic.framework in Embed Frameworks */,
			);
			name = "Embed Frameworks";
			runOnlyForDeploymentPostprocessing = 0;
		};
/* End PBXCopyFilesBuildPhase section */

/* Begin PBXFileReference section */
		6F1FC2FE25D8478300484116 /* NSObjectTest.swift */ = {isa = PBXFileReference; lastKnownFileType = sourcecode.swift; path = NSObjectTest.swift; sourceTree = "<group>"; };
		6F1FC30E25D8519100484116 /* RocketsNavigationController.swift */ = {isa = PBXFileReference; lastKnownFileType = sourcecode.swift; path = RocketsNavigationController.swift; sourceTree = "<group>"; };
		6F1FC31425D853C300484116 /* Colors.swift */ = {isa = PBXFileReference; lastKnownFileType = sourcecode.swift; path = Colors.swift; sourceTree = "<group>"; };
		6F1FC32F25D8590000484116 /* Strings.swift */ = {isa = PBXFileReference; lastKnownFileType = sourcecode.swift; path = Strings.swift; sourceTree = "<group>"; };
		6F1FC33A25D894F100484116 /* RocketTableViewCell.swift */ = {isa = PBXFileReference; lastKnownFileType = sourcecode.swift; path = RocketTableViewCell.swift; sourceTree = "<group>"; };
		6F4174FC25D83D4E00E95CBC /* NSObject.swift */ = {isa = PBXFileReference; lastKnownFileType = sourcecode.swift; path = NSObject.swift; sourceTree = "<group>"; };
		6F41750225D83F4700E95CBC /* UIView.swift */ = {isa = PBXFileReference; lastKnownFileType = sourcecode.swift; path = UIView.swift; sourceTree = "<group>"; };
		6F7A761425D99B990039019B /* Endpoint.swift */ = {isa = PBXFileReference; lastKnownFileType = sourcecode.swift; path = Endpoint.swift; sourceTree = "<group>"; };
		6F7A762125D9A3AA0039019B /* ResponseError.swift */ = {isa = PBXFileReference; lastKnownFileType = sourcecode.swift; path = ResponseError.swift; sourceTree = "<group>"; };
		6F7A762725D9A5FE0039019B /* WebService.swift */ = {isa = PBXFileReference; lastKnownFileType = sourcecode.swift; path = WebService.swift; sourceTree = "<group>"; };
		6F7A762D25D9AB7F0039019B /* WebServiceLocator.swift */ = {isa = PBXFileReference; lastKnownFileType = sourcecode.swift; path = WebServiceLocator.swift; sourceTree = "<group>"; };
		6F7A763425D9AD7D0039019B /* RocketListRepository.swift */ = {isa = PBXFileReference; lastKnownFileType = sourcecode.swift; path = RocketListRepository.swift; sourceTree = "<group>"; };
		6F7A763F25D9AF250039019B /* Rocket.swift */ = {isa = PBXFileReference; lastKnownFileType = sourcecode.swift; path = Rocket.swift; sourceTree = "<group>"; };
		6F7A764925D9AF5B0039019B /* RocketListServiceResponse.swift */ = {isa = PBXFileReference; lastKnownFileType = sourcecode.swift; path = RocketListServiceResponse.swift; sourceTree = "<group>"; };
		6F7A765025D9EC740039019B /* RocketListViewModel.swift */ = {isa = PBXFileReference; lastKnownFileType = sourcecode.swift; path = RocketListViewModel.swift; sourceTree = "<group>"; };
		6F7A765D25D9FCAF0039019B /* ErrorView.xib */ = {isa = PBXFileReference; lastKnownFileType = file.xib; path = ErrorView.xib; sourceTree = "<group>"; };
		6F7A766325D9FCC50039019B /* ErrorView.swift */ = {isa = PBXFileReference; lastKnownFileType = sourcecode.swift; path = ErrorView.swift; sourceTree = "<group>"; };
		6F7A766925DA00620039019B /* NibViewLoad.swift */ = {isa = PBXFileReference; lastKnownFileType = sourcecode.swift; path = NibViewLoad.swift; sourceTree = "<group>"; };
		6F7A767025DA00BB0039019B /* Constants.swift */ = {isa = PBXFileReference; lastKnownFileType = sourcecode.swift; path = Constants.swift; sourceTree = "<group>"; };
		6F7A768325DA08B50039019B /* Assets.xcassets */ = {isa = PBXFileReference; lastKnownFileType = folder.assetcatalog; path = Assets.xcassets; sourceTree = "<group>"; };
		6F7A768E25DA843E0039019B /* DateManager.swift */ = {isa = PBXFileReference; lastKnownFileType = sourcecode.swift; path = DateManager.swift; sourceTree = "<group>"; };
		6F7A76A525DA949A0039019B /* RocketTest.swift */ = {isa = PBXFileReference; lastKnownFileType = sourcecode.swift; path = RocketTest.swift; sourceTree = "<group>"; };
		6F7A76B725DAEBB50039019B /* NibViewLoadTest.swift */ = {isa = PBXFileReference; lastKnownFileType = sourcecode.swift; path = NibViewLoadTest.swift; sourceTree = "<group>"; };
		6F7A76C225DAEF5D0039019B /* UIViewTest.swift */ = {isa = PBXFileReference; lastKnownFileType = sourcecode.swift; path = UIViewTest.swift; sourceTree = "<group>"; };
		6F7A76D125DAF17D0039019B /* ResponseErrorTest.swift */ = {isa = PBXFileReference; lastKnownFileType = sourcecode.swift; path = ResponseErrorTest.swift; sourceTree = "<group>"; };
		6F7A76D825DAF3900039019B /* DateManagerTest.swift */ = {isa = PBXFileReference; lastKnownFileType = sourcecode.swift; path = DateManagerTest.swift; sourceTree = "<group>"; };
		6F7A76E525DAF7720039019B /* ErrorViewTest.swift */ = {isa = PBXFileReference; lastKnownFileType = sourcecode.swift; path = ErrorViewTest.swift; sourceTree = "<group>"; };
		6F7A76F025DAF9590039019B /* RocketListViewModelTest.swift */ = {isa = PBXFileReference; lastKnownFileType = sourcecode.swift; path = RocketListViewModelTest.swift; sourceTree = "<group>"; };
		6F7A76FA25DB09500039019B /* WebServiceTest.swift */ = {isa = PBXFileReference; lastKnownFileType = sourcecode.swift; path = WebServiceTest.swift; sourceTree = "<group>"; };
		6F7A770125DB0C880039019B /* RocketsTest.json */ = {isa = PBXFileReference; lastKnownFileType = text.json; path = RocketsTest.json; sourceTree = "<group>"; };
		6F8BA3BD25D7D28900EE7E2F /* Rocket.app */ = {isa = PBXFileReference; explicitFileType = wrapper.application; includeInIndex = 0; path = Rocket.app; sourceTree = BUILT_PRODUCTS_DIR; };
		6F8BA3C025D7D28900EE7E2F /* AppDelegate.swift */ = {isa = PBXFileReference; lastKnownFileType = sourcecode.swift; path = AppDelegate.swift; sourceTree = "<group>"; };
		6F8BA3C225D7D28900EE7E2F /* SceneDelegate.swift */ = {isa = PBXFileReference; lastKnownFileType = sourcecode.swift; path = SceneDelegate.swift; sourceTree = "<group>"; };
		6F8BA3C425D7D28900EE7E2F /* ViewController.swift */ = {isa = PBXFileReference; lastKnownFileType = sourcecode.swift; path = ViewController.swift; sourceTree = "<group>"; };
		6F8BA3C925D7D28B00EE7E2F /* Assets.xcassets */ = {isa = PBXFileReference; lastKnownFileType = folder.assetcatalog; path = Assets.xcassets; sourceTree = "<group>"; };
		6F8BA3CC25D7D28B00EE7E2F /* Base */ = {isa = PBXFileReference; lastKnownFileType = file.storyboard; name = Base; path = Base.lproj/LaunchScreen.storyboard; sourceTree = "<group>"; };
		6F8BA3CE25D7D28B00EE7E2F /* Info.plist */ = {isa = PBXFileReference; lastKnownFileType = text.plist.xml; path = Info.plist; sourceTree = "<group>"; };
		6F8BA3D325D7D28C00EE7E2F /* RocketTests.xctest */ = {isa = PBXFileReference; explicitFileType = wrapper.cfbundle; includeInIndex = 0; path = RocketTests.xctest; sourceTree = BUILT_PRODUCTS_DIR; };
		6F8BA3D725D7D28C00EE7E2F /* RocketTests.swift */ = {isa = PBXFileReference; lastKnownFileType = sourcecode.swift; path = RocketTests.swift; sourceTree = "<group>"; };
		6F8BA3D925D7D28C00EE7E2F /* Info.plist */ = {isa = PBXFileReference; lastKnownFileType = text.plist.xml; path = Info.plist; sourceTree = "<group>"; };
		6F8BA3DE25D7D28C00EE7E2F /* RocketUITests.xctest */ = {isa = PBXFileReference; explicitFileType = wrapper.cfbundle; includeInIndex = 0; path = RocketUITests.xctest; sourceTree = BUILT_PRODUCTS_DIR; };
		6F8BA3E225D7D28C00EE7E2F /* RocketUITests.swift */ = {isa = PBXFileReference; lastKnownFileType = sourcecode.swift; path = RocketUITests.swift; sourceTree = "<group>"; };
		6F8BA3E425D7D28C00EE7E2F /* Info.plist */ = {isa = PBXFileReference; lastKnownFileType = text.plist.xml; path = Info.plist; sourceTree = "<group>"; };
		6F8BA51925D7DBED00EE7E2F /* RocketLogic.framework */ = {isa = PBXFileReference; explicitFileType = wrapper.framework; includeInIndex = 0; path = RocketLogic.framework; sourceTree = BUILT_PRODUCTS_DIR; };
		6F8BA51B25D7DBED00EE7E2F /* RocketLogic.h */ = {isa = PBXFileReference; lastKnownFileType = sourcecode.c.h; path = RocketLogic.h; sourceTree = "<group>"; };
		6F8BA51C25D7DBED00EE7E2F /* Info.plist */ = {isa = PBXFileReference; lastKnownFileType = text.plist.xml; name = Info.plist; path = RocketLogic/HeaderFiles/Info.plist; sourceTree = SOURCE_ROOT; };
		6F8BA52125D7DBED00EE7E2F /* RocketLogicTests.xctest */ = {isa = PBXFileReference; explicitFileType = wrapper.cfbundle; includeInIndex = 0; path = RocketLogicTests.xctest; sourceTree = BUILT_PRODUCTS_DIR; };
		6F8BA52825D7DBED00EE7E2F /* RocketLogicTests.swift */ = {isa = PBXFileReference; lastKnownFileType = sourcecode.swift; path = RocketLogicTests.swift; sourceTree = "<group>"; };
		6F8BA52A25D7DBED00EE7E2F /* Info.plist */ = {isa = PBXFileReference; lastKnownFileType = text.plist.xml; path = Info.plist; sourceTree = "<group>"; };
		6F8BA56125D7E88900EE7E2F /* en */ = {isa = PBXFileReference; lastKnownFileType = text.plist.strings; name = en; path = en.lproj/Localizable.strings; sourceTree = "<group>"; };
		6F8BA57025D7EDD000EE7E2F /* RocketListViewController.swift */ = {isa = PBXFileReference; lastKnownFileType = sourcecode.swift; path = RocketListViewController.swift; sourceTree = "<group>"; };
		6F8BA57725D7EE6000EE7E2F /* RocketLogicServiceLocator.swift */ = {isa = PBXFileReference; lastKnownFileType = sourcecode.swift; path = RocketLogicServiceLocator.swift; sourceTree = "<group>"; };
		6F8BA58125D7EF1E00EE7E2F /* RocketsListCoordinator.swift */ = {isa = PBXFileReference; lastKnownFileType = sourcecode.swift; path = RocketsListCoordinator.swift; sourceTree = "<group>"; };
		6F8BA58825D8247000EE7E2F /* AppServiceLocator.swift */ = {isa = PBXFileReference; lastKnownFileType = sourcecode.swift; path = AppServiceLocator.swift; sourceTree = "<group>"; };
/* End PBXFileReference section */

/* Begin PBXFrameworksBuildPhase section */
		6F8BA3BA25D7D28900EE7E2F /* Frameworks */ = {
			isa = PBXFrameworksBuildPhase;
			buildActionMask = 2147483647;
			files = (
				6F8BA52E25D7DBED00EE7E2F /* RocketLogic.framework in Frameworks */,
			);
			runOnlyForDeploymentPostprocessing = 0;
		};
		6F8BA3D025D7D28C00EE7E2F /* Frameworks */ = {
			isa = PBXFrameworksBuildPhase;
			buildActionMask = 2147483647;
			files = (
			);
			runOnlyForDeploymentPostprocessing = 0;
		};
		6F8BA3DB25D7D28C00EE7E2F /* Frameworks */ = {
			isa = PBXFrameworksBuildPhase;
			buildActionMask = 2147483647;
			files = (
			);
			runOnlyForDeploymentPostprocessing = 0;
		};
		6F8BA51625D7DBED00EE7E2F /* Frameworks */ = {
			isa = PBXFrameworksBuildPhase;
			buildActionMask = 2147483647;
			files = (
			);
			runOnlyForDeploymentPostprocessing = 0;
		};
		6F8BA51E25D7DBED00EE7E2F /* Frameworks */ = {
			isa = PBXFrameworksBuildPhase;
			buildActionMask = 2147483647;
			files = (
				6F8BA52225D7DBED00EE7E2F /* RocketLogic.framework in Frameworks */,
			);
			runOnlyForDeploymentPostprocessing = 0;
		};
/* End PBXFrameworksBuildPhase section */

/* Begin PBXGroup section */
		6F1FC2F525D8467600484116 /* Utils */ = {
			isa = PBXGroup;
			children = (
				6F7A76D725DAF3780039019B /* Managers */,
				6F7A76BD25DAEBCC0039019B /* Protocols */,
				6F1FC30825D8492000484116 /* Extensions */,
			);
			path = Utils;
			sourceTree = "<group>";
		};
		6F1FC30825D8492000484116 /* Extensions */ = {
			isa = PBXGroup;
			children = (
				6F1FC2FE25D8478300484116 /* NSObjectTest.swift */,
				6F7A76C225DAEF5D0039019B /* UIViewTest.swift */,
			);
			path = Extensions;
			sourceTree = "<group>";
		};
		6F1FC30D25D8514E00484116 /* Components */ = {
			isa = PBXGroup;
			children = (
				6F7A765B25D9FC910039019B /* Views */,
				6F7A765A25D9FC820039019B /* NavigationController */,
			);
			path = Components;
			sourceTree = "<group>";
		};
		6F1FC31E25D8558C00484116 /* Enums */ = {
			isa = PBXGroup;
			children = (
				6F1FC31425D853C300484116 /* Colors.swift */,
			);
			path = Enums;
			sourceTree = "<group>";
		};
		6F1FC33525D85A2700484116 /* Cells */ = {
			isa = PBXGroup;
			children = (
				6F1FC33A25D894F100484116 /* RocketTableViewCell.swift */,
			);
			path = Cells;
			sourceTree = "<group>";
		};
		6F4174FB25D83D2A00E95CBC /* Extensions */ = {
			isa = PBXGroup;
			children = (
				6F4174FC25D83D4E00E95CBC /* NSObject.swift */,
				6F41750225D83F4700E95CBC /* UIView.swift */,
				6F1FC32F25D8590000484116 /* Strings.swift */,
			);
			path = Extensions;
			sourceTree = "<group>";
		};
		6F7A761325D99B710039019B /* WebService */ = {
			isa = PBXGroup;
			children = (
				6F7A761425D99B990039019B /* Endpoint.swift */,
				6F7A762125D9A3AA0039019B /* ResponseError.swift */,
				6F7A762725D9A5FE0039019B /* WebService.swift */,
				6F7A762D25D9AB7F0039019B /* WebServiceLocator.swift */,
			);
			path = WebService;
			sourceTree = "<group>";
		};
		6F7A763325D9AD5E0039019B /* Repository */ = {
			isa = PBXGroup;
			children = (
				6F7A763425D9AD7D0039019B /* RocketListRepository.swift */,
			);
			path = Repository;
			sourceTree = "<group>";
		};
		6F7A763E25D9AEA00039019B /* Models */ = {
			isa = PBXGroup;
			children = (
				6F7A763F25D9AF250039019B /* Rocket.swift */,
				6F7A764925D9AF5B0039019B /* RocketListServiceResponse.swift */,
			);
			path = Models;
			sourceTree = "<group>";
		};
		6F7A764F25D9EC5E0039019B /* ViewModel */ = {
			isa = PBXGroup;
			children = (
				6F7A765025D9EC740039019B /* RocketListViewModel.swift */,
			);
			path = ViewModel;
			sourceTree = "<group>";
		};
		6F7A765A25D9FC820039019B /* NavigationController */ = {
			isa = PBXGroup;
			children = (
				6F1FC30E25D8519100484116 /* RocketsNavigationController.swift */,
			);
			path = NavigationController;
			sourceTree = "<group>";
		};
		6F7A765B25D9FC910039019B /* Views */ = {
			isa = PBXGroup;
			children = (
				6F7A765C25D9FC9B0039019B /* Error */,
			);
			path = Views;
			sourceTree = "<group>";
		};
		6F7A765C25D9FC9B0039019B /* Error */ = {
			isa = PBXGroup;
			children = (
				6F7A765D25D9FCAF0039019B /* ErrorView.xib */,
				6F7A766325D9FCC50039019B /* ErrorView.swift */,
			);
			path = Error;
			sourceTree = "<group>";
		};
		6F7A766F25DA00AB0039019B /* Constants */ = {
			isa = PBXGroup;
			children = (
				6F7A767025DA00BB0039019B /* Constants.swift */,
			);
			path = Constants;
			sourceTree = "<group>";
		};
		6F7A767A25DA06E10039019B /* Resources */ = {
			isa = PBXGroup;
			children = (
				6F7A768325DA08B50039019B /* Assets.xcassets */,
			);
			path = Resources;
			sourceTree = "<group>";
		};
		6F7A768D25DA84270039019B /* Managers */ = {
			isa = PBXGroup;
			children = (
				6F7A768E25DA843E0039019B /* DateManager.swift */,
			);
			path = Managers;
			sourceTree = "<group>";
		};
		6F7A769825DA93FE0039019B /* Features */ = {
			isa = PBXGroup;
			children = (
				6F7A769925DA941B0039019B /* RocketsList */,
			);
			path = Features;
			sourceTree = "<group>";
		};
		6F7A769925DA941B0039019B /* RocketsList */ = {
			isa = PBXGroup;
			children = (
				6F7A76EF25DAF9360039019B /* ViewModels */,
				6F7A769A25DA942C0039019B /* Models */,
			);
			path = RocketsList;
			sourceTree = "<group>";
		};
		6F7A769A25DA942C0039019B /* Models */ = {
			isa = PBXGroup;
			children = (
				6F7A76A525DA949A0039019B /* RocketTest.swift */,
			);
			path = Models;
			sourceTree = "<group>";
		};
		6F7A76BD25DAEBCC0039019B /* Protocols */ = {
			isa = PBXGroup;
			children = (
				6F7A76B725DAEBB50039019B /* NibViewLoadTest.swift */,
			);
			path = Protocols;
			sourceTree = "<group>";
		};
		6F7A76C825DAF1440039019B /* WebServices */ = {
			isa = PBXGroup;
			children = (
				6F7A76D125DAF17D0039019B /* ResponseErrorTest.swift */,
				6F7A76FA25DB09500039019B /* WebServiceTest.swift */,
			);
			path = WebServices;
			sourceTree = "<group>";
		};
		6F7A76D725DAF3780039019B /* Managers */ = {
			isa = PBXGroup;
			children = (
				6F7A76D825DAF3900039019B /* DateManagerTest.swift */,
			);
			path = Managers;
			sourceTree = "<group>";
		};
		6F7A76E225DAF7380039019B /* Components */ = {
			isa = PBXGroup;
			children = (
				6F7A76E325DAF7400039019B /* Views */,
			);
			path = Components;
			sourceTree = "<group>";
		};
		6F7A76E325DAF7400039019B /* Views */ = {
			isa = PBXGroup;
			children = (
				6F7A76E425DAF74C0039019B /* Error */,
			);
			path = Views;
			sourceTree = "<group>";
		};
		6F7A76E425DAF74C0039019B /* Error */ = {
			isa = PBXGroup;
			children = (
				6F7A76E525DAF7720039019B /* ErrorViewTest.swift */,
			);
			path = Error;
			sourceTree = "<group>";
		};
		6F7A76EF25DAF9360039019B /* ViewModels */ = {
			isa = PBXGroup;
			children = (
				6F7A76F025DAF9590039019B /* RocketListViewModelTest.swift */,
			);
			path = ViewModels;
			sourceTree = "<group>";
		};
		6F7A770025DB0C670039019B /* Support */ = {
			isa = PBXGroup;
			children = (
				6F7A770125DB0C880039019B /* RocketsTest.json */,
			);
			path = Support;
			sourceTree = "<group>";
		};
		6F8BA3B425D7D28900EE7E2F = {
			isa = PBXGroup;
			children = (
				6F8BA3BF25D7D28900EE7E2F /* Rocket */,
				6F8BA51A25D7DBED00EE7E2F /* RocketLogic */,
				6F8BA3D625D7D28C00EE7E2F /* RocketTests */,
				6F8BA3E125D7D28C00EE7E2F /* RocketUITests */,
				6F8BA52725D7DBED00EE7E2F /* RocketLogicTests */,
				6F8BA3BE25D7D28900EE7E2F /* Products */,
			);
			sourceTree = "<group>";
		};
		6F8BA3BE25D7D28900EE7E2F /* Products */ = {
			isa = PBXGroup;
			children = (
				6F8BA3BD25D7D28900EE7E2F /* Rocket.app */,
				6F8BA3D325D7D28C00EE7E2F /* RocketTests.xctest */,
				6F8BA3DE25D7D28C00EE7E2F /* RocketUITests.xctest */,
				6F8BA51925D7DBED00EE7E2F /* RocketLogic.framework */,
				6F8BA52125D7DBED00EE7E2F /* RocketLogicTests.xctest */,
			);
			name = Products;
			sourceTree = "<group>";
		};
		6F8BA3BF25D7D28900EE7E2F /* Rocket */ = {
			isa = PBXGroup;
			children = (
				6F8BA3C025D7D28900EE7E2F /* AppDelegate.swift */,
				6F8BA3C225D7D28900EE7E2F /* SceneDelegate.swift */,
				6F8BA3C425D7D28900EE7E2F /* ViewController.swift */,
				6F8BA3CB25D7D28B00EE7E2F /* LaunchScreen.storyboard */,
				6F8BA3CE25D7D28B00EE7E2F /* Info.plist */,
				6F8BA58725D8245400EE7E2F /* ServiceLocator */,
				6F8BA56725D7EC0B00EE7E2F /* Resources */,
			);
			path = Rocket;
			sourceTree = "<group>";
		};
		6F8BA3D625D7D28C00EE7E2F /* RocketTests */ = {
			isa = PBXGroup;
			children = (
				6F8BA3D725D7D28C00EE7E2F /* RocketTests.swift */,
				6F8BA3D925D7D28C00EE7E2F /* Info.plist */,
			);
			path = RocketTests;
			sourceTree = "<group>";
		};
		6F8BA3E125D7D28C00EE7E2F /* RocketUITests */ = {
			isa = PBXGroup;
			children = (
				6F8BA3E225D7D28C00EE7E2F /* RocketUITests.swift */,
				6F8BA3E425D7D28C00EE7E2F /* Info.plist */,
			);
			path = RocketUITests;
			sourceTree = "<group>";
		};
		6F8BA51A25D7DBED00EE7E2F /* RocketLogic */ = {
			isa = PBXGroup;
			children = (
				6F8BA57625D7EE3F00EE7E2F /* ServiceLocator */,
				6F7A761325D99B710039019B /* WebService */,
				6F1FC30D25D8514E00484116 /* Components */,
				6F8BA56C25D7ED0400EE7E2F /* Features */,
				6F8BA59225D824AB00EE7E2F /* Utils */,
				6F7A767A25DA06E10039019B /* Resources */,
				6F8BA53B25D7DC1400EE7E2F /* HeaderFiles */,
			);
			path = RocketLogic;
			sourceTree = "<group>";
		};
		6F8BA52725D7DBED00EE7E2F /* RocketLogicTests */ = {
			isa = PBXGroup;
			children = (
				6F7A770025DB0C670039019B /* Support */,
				6F7A76E225DAF7380039019B /* Components */,
				6F7A76C825DAF1440039019B /* WebServices */,
				6F7A769825DA93FE0039019B /* Features */,
				6F1FC2F525D8467600484116 /* Utils */,
				6F8BA52825D7DBED00EE7E2F /* RocketLogicTests.swift */,
				6F8BA52A25D7DBED00EE7E2F /* Info.plist */,
			);
			path = RocketLogicTests;
			sourceTree = "<group>";
		};
		6F8BA53B25D7DC1400EE7E2F /* HeaderFiles */ = {
			isa = PBXGroup;
			children = (
				6F8BA51B25D7DBED00EE7E2F /* RocketLogic.h */,
				6F8BA51C25D7DBED00EE7E2F /* Info.plist */,
			);
			path = HeaderFiles;
			sourceTree = "<group>";
		};
		6F8BA56725D7EC0B00EE7E2F /* Resources */ = {
			isa = PBXGroup;
			children = (
				6F8BA3C925D7D28B00EE7E2F /* Assets.xcassets */,
				6F8BA56225D7E88900EE7E2F /* Localizable.strings */,
			);
			path = Resources;
			sourceTree = "<group>";
		};
		6F8BA56C25D7ED0400EE7E2F /* Features */ = {
			isa = PBXGroup;
			children = (
				6F8BA56D25D7ED0F00EE7E2F /* RocketsList */,
			);
			path = Features;
			sourceTree = "<group>";
		};
		6F8BA56D25D7ED0F00EE7E2F /* RocketsList */ = {
			isa = PBXGroup;
			children = (
				6F7A764F25D9EC5E0039019B /* ViewModel */,
				6F7A763E25D9AEA00039019B /* Models */,
				6F7A763325D9AD5E0039019B /* Repository */,
				6F8BA56F25D7ED7900EE7E2F /* ViewController */,
				6F8BA56E25D7ED5700EE7E2F /* Coordinator */,
			);
			path = RocketsList;
			sourceTree = "<group>";
		};
		6F8BA56E25D7ED5700EE7E2F /* Coordinator */ = {
			isa = PBXGroup;
			children = (
				6F8BA58125D7EF1E00EE7E2F /* RocketsListCoordinator.swift */,
			);
			path = Coordinator;
			sourceTree = "<group>";
		};
		6F8BA56F25D7ED7900EE7E2F /* ViewController */ = {
			isa = PBXGroup;
			children = (
				6F1FC33525D85A2700484116 /* Cells */,
				6F8BA57025D7EDD000EE7E2F /* RocketListViewController.swift */,
			);
			path = ViewController;
			sourceTree = "<group>";
		};
		6F8BA57625D7EE3F00EE7E2F /* ServiceLocator */ = {
			isa = PBXGroup;
			children = (
				6F8BA57725D7EE6000EE7E2F /* RocketLogicServiceLocator.swift */,
			);
			path = ServiceLocator;
			sourceTree = "<group>";
		};
		6F8BA58725D8245400EE7E2F /* ServiceLocator */ = {
			isa = PBXGroup;
			children = (
				6F8BA58825D8247000EE7E2F /* AppServiceLocator.swift */,
			);
			path = ServiceLocator;
			sourceTree = "<group>";
		};
		6F8BA59225D824AB00EE7E2F /* Utils */ = {
			isa = PBXGroup;
			children = (
				6F7A768D25DA84270039019B /* Managers */,
				6F7A766F25DA00AB0039019B /* Constants */,
				6F1FC31E25D8558C00484116 /* Enums */,
				6F4174FB25D83D2A00E95CBC /* Extensions */,
				6F8BA59325D824B800EE7E2F /* Protocols */,
			);
			path = Utils;
			sourceTree = "<group>";
		};
		6F8BA59325D824B800EE7E2F /* Protocols */ = {
			isa = PBXGroup;
			children = (
				6F7A766925DA00620039019B /* NibViewLoad.swift */,
			);
			path = Protocols;
			sourceTree = "<group>";
		};
/* End PBXGroup section */

/* Begin PBXHeadersBuildPhase section */
		6F8BA51425D7DBED00EE7E2F /* Headers */ = {
			isa = PBXHeadersBuildPhase;
			buildActionMask = 2147483647;
			files = (
				6F8BA52B25D7DBED00EE7E2F /* RocketLogic.h in Headers */,
			);
			runOnlyForDeploymentPostprocessing = 0;
		};
/* End PBXHeadersBuildPhase section */

/* Begin PBXNativeTarget section */
		6F8BA3BC25D7D28900EE7E2F /* Rocket */ = {
			isa = PBXNativeTarget;
			buildConfigurationList = 6F8BA3E725D7D28C00EE7E2F /* Build configuration list for PBXNativeTarget "Rocket" */;
			buildPhases = (
				6F8BA3B925D7D28900EE7E2F /* Sources */,
				6F8BA3BA25D7D28900EE7E2F /* Frameworks */,
				6F8BA3BB25D7D28900EE7E2F /* Resources */,
				6F8BA3F325D7D3C700EE7E2F /* ShellScript */,
				6F8BA53025D7DBED00EE7E2F /* Embed Frameworks */,
			);
			buildRules = (
			);
			dependencies = (
				6F8BA52D25D7DBED00EE7E2F /* PBXTargetDependency */,
			);
			name = Rocket;
			productName = Rocket;
			productReference = 6F8BA3BD25D7D28900EE7E2F /* Rocket.app */;
			productType = "com.apple.product-type.application";
		};
		6F8BA3D225D7D28C00EE7E2F /* RocketTests */ = {
			isa = PBXNativeTarget;
			buildConfigurationList = 6F8BA3EA25D7D28C00EE7E2F /* Build configuration list for PBXNativeTarget "RocketTests" */;
			buildPhases = (
				6F8BA3CF25D7D28C00EE7E2F /* Sources */,
				6F8BA3D025D7D28C00EE7E2F /* Frameworks */,
				6F8BA3D125D7D28C00EE7E2F /* Resources */,
			);
			buildRules = (
			);
			dependencies = (
				6F8BA3D525D7D28C00EE7E2F /* PBXTargetDependency */,
			);
			name = RocketTests;
			productName = RocketTests;
			productReference = 6F8BA3D325D7D28C00EE7E2F /* RocketTests.xctest */;
			productType = "com.apple.product-type.bundle.unit-test";
		};
		6F8BA3DD25D7D28C00EE7E2F /* RocketUITests */ = {
			isa = PBXNativeTarget;
			buildConfigurationList = 6F8BA3ED25D7D28C00EE7E2F /* Build configuration list for PBXNativeTarget "RocketUITests" */;
			buildPhases = (
				6F8BA3DA25D7D28C00EE7E2F /* Sources */,
				6F8BA3DB25D7D28C00EE7E2F /* Frameworks */,
				6F8BA3DC25D7D28C00EE7E2F /* Resources */,
			);
			buildRules = (
			);
			dependencies = (
				6F8BA3E025D7D28C00EE7E2F /* PBXTargetDependency */,
			);
			name = RocketUITests;
			productName = RocketUITests;
			productReference = 6F8BA3DE25D7D28C00EE7E2F /* RocketUITests.xctest */;
			productType = "com.apple.product-type.bundle.ui-testing";
		};
		6F8BA51825D7DBED00EE7E2F /* RocketLogic */ = {
			isa = PBXNativeTarget;
			buildConfigurationList = 6F8BA53525D7DBED00EE7E2F /* Build configuration list for PBXNativeTarget "RocketLogic" */;
			buildPhases = (
				6F8BA51425D7DBED00EE7E2F /* Headers */,
				6F8BA51525D7DBED00EE7E2F /* Sources */,
				6F8BA51625D7DBED00EE7E2F /* Frameworks */,
				6F8BA51725D7DBED00EE7E2F /* Resources */,
			);
			buildRules = (
			);
			dependencies = (
			);
			name = RocketLogic;
			productName = RocketLogic;
			productReference = 6F8BA51925D7DBED00EE7E2F /* RocketLogic.framework */;
			productType = "com.apple.product-type.framework";
		};
		6F8BA52025D7DBED00EE7E2F /* RocketLogicTests */ = {
			isa = PBXNativeTarget;
			buildConfigurationList = 6F8BA53625D7DBED00EE7E2F /* Build configuration list for PBXNativeTarget "RocketLogicTests" */;
			buildPhases = (
				6F8BA51D25D7DBED00EE7E2F /* Sources */,
				6F8BA51E25D7DBED00EE7E2F /* Frameworks */,
				6F8BA51F25D7DBED00EE7E2F /* Resources */,
			);
			buildRules = (
			);
			dependencies = (
				6F8BA52425D7DBED00EE7E2F /* PBXTargetDependency */,
				6F8BA52625D7DBED00EE7E2F /* PBXTargetDependency */,
			);
			name = RocketLogicTests;
			productName = RocketLogicTests;
			productReference = 6F8BA52125D7DBED00EE7E2F /* RocketLogicTests.xctest */;
			productType = "com.apple.product-type.bundle.unit-test";
		};
/* End PBXNativeTarget section */

/* Begin PBXProject section */
		6F8BA3B525D7D28900EE7E2F /* Project object */ = {
			isa = PBXProject;
			attributes = {
				LastSwiftUpdateCheck = 1210;
				LastUpgradeCheck = 1210;
				TargetAttributes = {
					6F8BA3BC25D7D28900EE7E2F = {
						CreatedOnToolsVersion = 12.1;
					};
					6F8BA3D225D7D28C00EE7E2F = {
						CreatedOnToolsVersion = 12.1;
						TestTargetID = 6F8BA3BC25D7D28900EE7E2F;
					};
					6F8BA3DD25D7D28C00EE7E2F = {
						CreatedOnToolsVersion = 12.1;
						TestTargetID = 6F8BA3BC25D7D28900EE7E2F;
					};
					6F8BA51825D7DBED00EE7E2F = {
						CreatedOnToolsVersion = 12.1;
						LastSwiftMigration = 1210;
					};
					6F8BA52025D7DBED00EE7E2F = {
						CreatedOnToolsVersion = 12.1;
						TestTargetID = 6F8BA3BC25D7D28900EE7E2F;
					};
				};
			};
			buildConfigurationList = 6F8BA3B825D7D28900EE7E2F /* Build configuration list for PBXProject "Rocket" */;
			compatibilityVersion = "Xcode 9.3";
			developmentRegion = en;
			hasScannedForEncodings = 0;
			knownRegions = (
				en,
				Base,
			);
			mainGroup = 6F8BA3B425D7D28900EE7E2F;
			productRefGroup = 6F8BA3BE25D7D28900EE7E2F /* Products */;
			projectDirPath = "";
			projectRoot = "";
			targets = (
				6F8BA3BC25D7D28900EE7E2F /* Rocket */,
				6F8BA51825D7DBED00EE7E2F /* RocketLogic */,
				6F8BA3D225D7D28C00EE7E2F /* RocketTests */,
				6F8BA3DD25D7D28C00EE7E2F /* RocketUITests */,
				6F8BA52025D7DBED00EE7E2F /* RocketLogicTests */,
			);
		};
/* End PBXProject section */

/* Begin PBXResourcesBuildPhase section */
		6F8BA3BB25D7D28900EE7E2F /* Resources */ = {
			isa = PBXResourcesBuildPhase;
			buildActionMask = 2147483647;
			files = (
				6F8BA3CD25D7D28B00EE7E2F /* LaunchScreen.storyboard in Resources */,
				6F8BA56025D7E88900EE7E2F /* Localizable.strings in Resources */,
				6F8BA3CA25D7D28B00EE7E2F /* Assets.xcassets in Resources */,
			);
			runOnlyForDeploymentPostprocessing = 0;
		};
		6F8BA3D125D7D28C00EE7E2F /* Resources */ = {
			isa = PBXResourcesBuildPhase;
			buildActionMask = 2147483647;
			files = (
			);
			runOnlyForDeploymentPostprocessing = 0;
		};
		6F8BA3DC25D7D28C00EE7E2F /* Resources */ = {
			isa = PBXResourcesBuildPhase;
			buildActionMask = 2147483647;
			files = (
			);
			runOnlyForDeploymentPostprocessing = 0;
		};
		6F8BA51725D7DBED00EE7E2F /* Resources */ = {
			isa = PBXResourcesBuildPhase;
			buildActionMask = 2147483647;
			files = (
				6F7A768425DA08B50039019B /* Assets.xcassets in Resources */,
				6F7A765E25D9FCAF0039019B /* ErrorView.xib in Resources */,
			);
			runOnlyForDeploymentPostprocessing = 0;
		};
		6F8BA51F25D7DBED00EE7E2F /* Resources */ = {
			isa = PBXResourcesBuildPhase;
			buildActionMask = 2147483647;
			files = (
				6F7A770225DB0C880039019B /* RocketsTest.json in Resources */,
			);
			runOnlyForDeploymentPostprocessing = 0;
		};
/* End PBXResourcesBuildPhase section */

/* Begin PBXShellScriptBuildPhase section */
		6F8BA3F325D7D3C700EE7E2F /* ShellScript */ = {
			isa = PBXShellScriptBuildPhase;
			buildActionMask = 2147483647;
			files = (
			);
			inputFileListPaths = (
			);
			inputPaths = (
			);
			outputFileListPaths = (
			);
			outputPaths = (
			);
			runOnlyForDeploymentPostprocessing = 0;
			shellPath = /bin/sh;
			shellScript = "# Type a script or drag a script file from your workspace to insert its path.\nif which swiftlint >/dev/null; then\n  swiftlint\nelse\n  echo \"warning: SwiftLint not installed, download from https://github.com/realm/SwiftLint\"\nfi\n";
		};
/* End PBXShellScriptBuildPhase section */

/* Begin PBXSourcesBuildPhase section */
		6F8BA3B925D7D28900EE7E2F /* Sources */ = {
			isa = PBXSourcesBuildPhase;
			buildActionMask = 2147483647;
			files = (
				6F8BA58925D8247000EE7E2F /* AppServiceLocator.swift in Sources */,
				6F8BA3C525D7D28900EE7E2F /* ViewController.swift in Sources */,
				6F8BA3C125D7D28900EE7E2F /* AppDelegate.swift in Sources */,
				6F8BA3C325D7D28900EE7E2F /* SceneDelegate.swift in Sources */,
			);
			runOnlyForDeploymentPostprocessing = 0;
		};
		6F8BA3CF25D7D28C00EE7E2F /* Sources */ = {
			isa = PBXSourcesBuildPhase;
			buildActionMask = 2147483647;
			files = (
				6F8BA3D825D7D28C00EE7E2F /* RocketTests.swift in Sources */,
			);
			runOnlyForDeploymentPostprocessing = 0;
		};
		6F8BA3DA25D7D28C00EE7E2F /* Sources */ = {
			isa = PBXSourcesBuildPhase;
			buildActionMask = 2147483647;
			files = (
				6F8BA3E325D7D28C00EE7E2F /* RocketUITests.swift in Sources */,
				6F1FC2FF25D8478300484116 /* NSObjectTest.swift in Sources */,
			);
			runOnlyForDeploymentPostprocessing = 0;
		};
		6F8BA51525D7DBED00EE7E2F /* Sources */ = {
			isa = PBXSourcesBuildPhase;
			buildActionMask = 2147483647;
			files = (
				6F7A762E25D9AB7F0039019B /* WebServiceLocator.swift in Sources */,
				6F8BA57125D7EDD000EE7E2F /* RocketListViewController.swift in Sources */,
				6F1FC31525D853C300484116 /* Colors.swift in Sources */,
				6F7A764025D9AF250039019B /* Rocket.swift in Sources */,
				6F7A766A25DA00620039019B /* NibViewLoad.swift in Sources */,
				6F1FC33B25D894F100484116 /* RocketTableViewCell.swift in Sources */,
				6F1FC33025D8590000484116 /* Strings.swift in Sources */,
				6F7A768F25DA843E0039019B /* DateManager.swift in Sources */,
				6F7A761525D99B990039019B /* Endpoint.swift in Sources */,
				6F7A766425D9FCC50039019B /* ErrorView.swift in Sources */,
				6F7A765125D9EC740039019B /* RocketListViewModel.swift in Sources */,
				6F4174FD25D83D4E00E95CBC /* NSObject.swift in Sources */,
				6F7A763525D9AD7D0039019B /* RocketListRepository.swift in Sources */,
				6F7A762825D9A5FE0039019B /* WebService.swift in Sources */,
				6F8BA58225D7EF1E00EE7E2F /* RocketsListCoordinator.swift in Sources */,
				6F7A762225D9A3AA0039019B /* ResponseError.swift in Sources */,
				6F7A767125DA00BB0039019B /* Constants.swift in Sources */,
				6F41750325D83F4700E95CBC /* UIView.swift in Sources */,
				6F8BA57825D7EE6000EE7E2F /* RocketLogicServiceLocator.swift in Sources */,
				6F7A764A25D9AF5B0039019B /* RocketListServiceResponse.swift in Sources */,
				6F1FC30F25D8519100484116 /* RocketsNavigationController.swift in Sources */,
			);
			runOnlyForDeploymentPostprocessing = 0;
		};
		6F8BA51D25D7DBED00EE7E2F /* Sources */ = {
			isa = PBXSourcesBuildPhase;
			buildActionMask = 2147483647;
			files = (
				6F7A76F125DAF9590039019B /* RocketListViewModelTest.swift in Sources */,
				6F7A76C325DAEF5D0039019B /* UIViewTest.swift in Sources */,
				6F8BA52925D7DBED00EE7E2F /* RocketLogicTests.swift in Sources */,
				6F7A76B825DAEBB50039019B /* NibViewLoadTest.swift in Sources */,
				6F7A76D225DAF17D0039019B /* ResponseErrorTest.swift in Sources */,
				6F7A76A625DA949A0039019B /* RocketTest.swift in Sources */,
				6F7A76E625DAF7720039019B /* ErrorViewTest.swift in Sources */,
				6F7A76D925DAF3900039019B /* DateManagerTest.swift in Sources */,
				6F7A76FB25DB09500039019B /* WebServiceTest.swift in Sources */,
			);
			runOnlyForDeploymentPostprocessing = 0;
		};
/* End PBXSourcesBuildPhase section */

/* Begin PBXTargetDependency section */
		6F8BA3D525D7D28C00EE7E2F /* PBXTargetDependency */ = {
			isa = PBXTargetDependency;
			target = 6F8BA3BC25D7D28900EE7E2F /* Rocket */;
			targetProxy = 6F8BA3D425D7D28C00EE7E2F /* PBXContainerItemProxy */;
		};
		6F8BA3E025D7D28C00EE7E2F /* PBXTargetDependency */ = {
			isa = PBXTargetDependency;
			target = 6F8BA3BC25D7D28900EE7E2F /* Rocket */;
			targetProxy = 6F8BA3DF25D7D28C00EE7E2F /* PBXContainerItemProxy */;
		};
		6F8BA52425D7DBED00EE7E2F /* PBXTargetDependency */ = {
			isa = PBXTargetDependency;
			target = 6F8BA51825D7DBED00EE7E2F /* RocketLogic */;
			targetProxy = 6F8BA52325D7DBED00EE7E2F /* PBXContainerItemProxy */;
		};
		6F8BA52625D7DBED00EE7E2F /* PBXTargetDependency */ = {
			isa = PBXTargetDependency;
			target = 6F8BA3BC25D7D28900EE7E2F /* Rocket */;
			targetProxy = 6F8BA52525D7DBED00EE7E2F /* PBXContainerItemProxy */;
		};
		6F8BA52D25D7DBED00EE7E2F /* PBXTargetDependency */ = {
			isa = PBXTargetDependency;
			target = 6F8BA51825D7DBED00EE7E2F /* RocketLogic */;
			targetProxy = 6F8BA52C25D7DBED00EE7E2F /* PBXContainerItemProxy */;
		};
/* End PBXTargetDependency section */

/* Begin PBXVariantGroup section */
		6F8BA3CB25D7D28B00EE7E2F /* LaunchScreen.storyboard */ = {
			isa = PBXVariantGroup;
			children = (
				6F8BA3CC25D7D28B00EE7E2F /* Base */,
			);
			name = LaunchScreen.storyboard;
			sourceTree = "<group>";
		};
		6F8BA56225D7E88900EE7E2F /* Localizable.strings */ = {
			isa = PBXVariantGroup;
			children = (
				6F8BA56125D7E88900EE7E2F /* en */,
			);
			name = Localizable.strings;
			sourceTree = "<group>";
		};
/* End PBXVariantGroup section */

/* Begin XCBuildConfiguration section */
		6F8BA3E525D7D28C00EE7E2F /* Debug */ = {
			isa = XCBuildConfiguration;
			buildSettings = {
				ALWAYS_SEARCH_USER_PATHS = NO;
				CLANG_ANALYZER_NONNULL = YES;
				CLANG_ANALYZER_NUMBER_OBJECT_CONVERSION = YES_AGGRESSIVE;
				CLANG_CXX_LANGUAGE_STANDARD = "gnu++14";
				CLANG_CXX_LIBRARY = "libc++";
				CLANG_ENABLE_MODULES = YES;
				CLANG_ENABLE_OBJC_ARC = YES;
				CLANG_ENABLE_OBJC_WEAK = YES;
				CLANG_WARN_BLOCK_CAPTURE_AUTORELEASING = YES;
				CLANG_WARN_BOOL_CONVERSION = YES;
				CLANG_WARN_COMMA = YES;
				CLANG_WARN_CONSTANT_CONVERSION = YES;
				CLANG_WARN_DEPRECATED_OBJC_IMPLEMENTATIONS = YES;
				CLANG_WARN_DIRECT_OBJC_ISA_USAGE = YES_ERROR;
				CLANG_WARN_DOCUMENTATION_COMMENTS = YES;
				CLANG_WARN_EMPTY_BODY = YES;
				CLANG_WARN_ENUM_CONVERSION = YES;
				CLANG_WARN_INFINITE_RECURSION = YES;
				CLANG_WARN_INT_CONVERSION = YES;
				CLANG_WARN_NON_LITERAL_NULL_CONVERSION = YES;
				CLANG_WARN_OBJC_IMPLICIT_RETAIN_SELF = YES;
				CLANG_WARN_OBJC_LITERAL_CONVERSION = YES;
				CLANG_WARN_OBJC_ROOT_CLASS = YES_ERROR;
				CLANG_WARN_QUOTED_INCLUDE_IN_FRAMEWORK_HEADER = YES;
				CLANG_WARN_RANGE_LOOP_ANALYSIS = YES;
				CLANG_WARN_STRICT_PROTOTYPES = YES;
				CLANG_WARN_SUSPICIOUS_MOVE = YES;
				CLANG_WARN_UNGUARDED_AVAILABILITY = YES_AGGRESSIVE;
				CLANG_WARN_UNREACHABLE_CODE = YES;
				CLANG_WARN__DUPLICATE_METHOD_MATCH = YES;
				COPY_PHASE_STRIP = NO;
				DEBUG_INFORMATION_FORMAT = dwarf;
				ENABLE_STRICT_OBJC_MSGSEND = YES;
				ENABLE_TESTABILITY = YES;
				GCC_C_LANGUAGE_STANDARD = gnu11;
				GCC_DYNAMIC_NO_PIC = NO;
				GCC_NO_COMMON_BLOCKS = YES;
				GCC_OPTIMIZATION_LEVEL = 0;
				GCC_PREPROCESSOR_DEFINITIONS = (
					"DEBUG=1",
					"$(inherited)",
				);
				GCC_WARN_64_TO_32_BIT_CONVERSION = YES;
				GCC_WARN_ABOUT_RETURN_TYPE = YES_ERROR;
				GCC_WARN_UNDECLARED_SELECTOR = YES;
				GCC_WARN_UNINITIALIZED_AUTOS = YES_AGGRESSIVE;
				GCC_WARN_UNUSED_FUNCTION = YES;
				GCC_WARN_UNUSED_VARIABLE = YES;
				IPHONEOS_DEPLOYMENT_TARGET = 14.1;
				MTL_ENABLE_DEBUG_INFO = INCLUDE_SOURCE;
				MTL_FAST_MATH = YES;
				ONLY_ACTIVE_ARCH = YES;
				SDKROOT = iphoneos;
				SWIFT_ACTIVE_COMPILATION_CONDITIONS = DEBUG;
				SWIFT_OPTIMIZATION_LEVEL = "-Onone";
			};
			name = Debug;
		};
		6F8BA3E625D7D28C00EE7E2F /* Release */ = {
			isa = XCBuildConfiguration;
			buildSettings = {
				ALWAYS_SEARCH_USER_PATHS = NO;
				CLANG_ANALYZER_NONNULL = YES;
				CLANG_ANALYZER_NUMBER_OBJECT_CONVERSION = YES_AGGRESSIVE;
				CLANG_CXX_LANGUAGE_STANDARD = "gnu++14";
				CLANG_CXX_LIBRARY = "libc++";
				CLANG_ENABLE_MODULES = YES;
				CLANG_ENABLE_OBJC_ARC = YES;
				CLANG_ENABLE_OBJC_WEAK = YES;
				CLANG_WARN_BLOCK_CAPTURE_AUTORELEASING = YES;
				CLANG_WARN_BOOL_CONVERSION = YES;
				CLANG_WARN_COMMA = YES;
				CLANG_WARN_CONSTANT_CONVERSION = YES;
				CLANG_WARN_DEPRECATED_OBJC_IMPLEMENTATIONS = YES;
				CLANG_WARN_DIRECT_OBJC_ISA_USAGE = YES_ERROR;
				CLANG_WARN_DOCUMENTATION_COMMENTS = YES;
				CLANG_WARN_EMPTY_BODY = YES;
				CLANG_WARN_ENUM_CONVERSION = YES;
				CLANG_WARN_INFINITE_RECURSION = YES;
				CLANG_WARN_INT_CONVERSION = YES;
				CLANG_WARN_NON_LITERAL_NULL_CONVERSION = YES;
				CLANG_WARN_OBJC_IMPLICIT_RETAIN_SELF = YES;
				CLANG_WARN_OBJC_LITERAL_CONVERSION = YES;
				CLANG_WARN_OBJC_ROOT_CLASS = YES_ERROR;
				CLANG_WARN_QUOTED_INCLUDE_IN_FRAMEWORK_HEADER = YES;
				CLANG_WARN_RANGE_LOOP_ANALYSIS = YES;
				CLANG_WARN_STRICT_PROTOTYPES = YES;
				CLANG_WARN_SUSPICIOUS_MOVE = YES;
				CLANG_WARN_UNGUARDED_AVAILABILITY = YES_AGGRESSIVE;
				CLANG_WARN_UNREACHABLE_CODE = YES;
				CLANG_WARN__DUPLICATE_METHOD_MATCH = YES;
				COPY_PHASE_STRIP = NO;
				DEBUG_INFORMATION_FORMAT = "dwarf-with-dsym";
				ENABLE_NS_ASSERTIONS = NO;
				ENABLE_STRICT_OBJC_MSGSEND = YES;
				GCC_C_LANGUAGE_STANDARD = gnu11;
				GCC_NO_COMMON_BLOCKS = YES;
				GCC_WARN_64_TO_32_BIT_CONVERSION = YES;
				GCC_WARN_ABOUT_RETURN_TYPE = YES_ERROR;
				GCC_WARN_UNDECLARED_SELECTOR = YES;
				GCC_WARN_UNINITIALIZED_AUTOS = YES_AGGRESSIVE;
				GCC_WARN_UNUSED_FUNCTION = YES;
				GCC_WARN_UNUSED_VARIABLE = YES;
				IPHONEOS_DEPLOYMENT_TARGET = 14.1;
				MTL_ENABLE_DEBUG_INFO = NO;
				MTL_FAST_MATH = YES;
				SDKROOT = iphoneos;
				SWIFT_COMPILATION_MODE = wholemodule;
				SWIFT_OPTIMIZATION_LEVEL = "-O";
				VALIDATE_PRODUCT = YES;
			};
			name = Release;
		};
		6F8BA3E825D7D28C00EE7E2F /* Debug */ = {
			isa = XCBuildConfiguration;
			buildSettings = {
				ALWAYS_EMBED_SWIFT_STANDARD_LIBRARIES = YES;
				ASSETCATALOG_COMPILER_APPICON_NAME = AppIcon;
				ASSETCATALOG_COMPILER_GLOBAL_ACCENT_COLOR_NAME = AccentColor;
				CODE_SIGN_STYLE = Automatic;
				DEVELOPMENT_TEAM = 2MGZ93L9RY;
				INFOPLIST_FILE = Rocket/Info.plist;
				IPHONEOS_DEPLOYMENT_TARGET = 14.1;
				LD_RUNPATH_SEARCH_PATHS = (
					"$(inherited)",
					"@executable_path/Frameworks",
				);
				PRODUCT_BUNDLE_IDENTIFIER = miquel.bosch.rocket.tech.Rocket;
				PRODUCT_NAME = "$(TARGET_NAME)";
				SWIFT_VERSION = 5.0;
				TARGETED_DEVICE_FAMILY = "1,2";
			};
			name = Debug;
		};
		6F8BA3E925D7D28C00EE7E2F /* Release */ = {
			isa = XCBuildConfiguration;
			buildSettings = {
				ALWAYS_EMBED_SWIFT_STANDARD_LIBRARIES = YES;
				ASSETCATALOG_COMPILER_APPICON_NAME = AppIcon;
				ASSETCATALOG_COMPILER_GLOBAL_ACCENT_COLOR_NAME = AccentColor;
				CODE_SIGN_STYLE = Automatic;
				DEVELOPMENT_TEAM = 2MGZ93L9RY;
				INFOPLIST_FILE = Rocket/Info.plist;
				IPHONEOS_DEPLOYMENT_TARGET = 14.1;
				LD_RUNPATH_SEARCH_PATHS = (
					"$(inherited)",
					"@executable_path/Frameworks",
				);
				PRODUCT_BUNDLE_IDENTIFIER = miquel.bosch.rocket.tech.Rocket;
				PRODUCT_NAME = "$(TARGET_NAME)";
				SWIFT_VERSION = 5.0;
				TARGETED_DEVICE_FAMILY = "1,2";
			};
			name = Release;
		};
		6F8BA3EB25D7D28C00EE7E2F /* Debug */ = {
			isa = XCBuildConfiguration;
			buildSettings = {
				ALWAYS_EMBED_SWIFT_STANDARD_LIBRARIES = YES;
				BUNDLE_LOADER = "$(TEST_HOST)";
				CODE_SIGN_STYLE = Automatic;
				DEVELOPMENT_TEAM = 2MGZ93L9RY;
				INFOPLIST_FILE = RocketTests/Info.plist;
				IPHONEOS_DEPLOYMENT_TARGET = 14.1;
				LD_RUNPATH_SEARCH_PATHS = (
					"$(inherited)",
					"@executable_path/Frameworks",
					"@loader_path/Frameworks",
				);
				PRODUCT_BUNDLE_IDENTIFIER = miquel.bosch.rocket.tech.RocketTests;
				PRODUCT_NAME = "$(TARGET_NAME)";
				SWIFT_VERSION = 5.0;
				TARGETED_DEVICE_FAMILY = "1,2";
				TEST_HOST = "$(BUILT_PRODUCTS_DIR)/Rocket.app/Rocket";
			};
			name = Debug;
		};
		6F8BA3EC25D7D28C00EE7E2F /* Release */ = {
			isa = XCBuildConfiguration;
			buildSettings = {
				ALWAYS_EMBED_SWIFT_STANDARD_LIBRARIES = YES;
				BUNDLE_LOADER = "$(TEST_HOST)";
				CODE_SIGN_STYLE = Automatic;
				DEVELOPMENT_TEAM = 2MGZ93L9RY;
				INFOPLIST_FILE = RocketTests/Info.plist;
				IPHONEOS_DEPLOYMENT_TARGET = 14.1;
				LD_RUNPATH_SEARCH_PATHS = (
					"$(inherited)",
					"@executable_path/Frameworks",
					"@loader_path/Frameworks",
				);
				PRODUCT_BUNDLE_IDENTIFIER = miquel.bosch.rocket.tech.RocketTests;
				PRODUCT_NAME = "$(TARGET_NAME)";
				SWIFT_VERSION = 5.0;
				TARGETED_DEVICE_FAMILY = "1,2";
				TEST_HOST = "$(BUILT_PRODUCTS_DIR)/Rocket.app/Rocket";
			};
			name = Release;
		};
		6F8BA3EE25D7D28C00EE7E2F /* Debug */ = {
			isa = XCBuildConfiguration;
			buildSettings = {
				ALWAYS_EMBED_SWIFT_STANDARD_LIBRARIES = YES;
				CODE_SIGN_STYLE = Automatic;
				DEVELOPMENT_TEAM = 2MGZ93L9RY;
				INFOPLIST_FILE = RocketUITests/Info.plist;
				LD_RUNPATH_SEARCH_PATHS = (
					"$(inherited)",
					"@executable_path/Frameworks",
					"@loader_path/Frameworks",
				);
				PRODUCT_BUNDLE_IDENTIFIER = miquel.bosch.rocket.tech.RocketUITests;
				PRODUCT_NAME = "$(TARGET_NAME)";
				SWIFT_VERSION = 5.0;
				TARGETED_DEVICE_FAMILY = "1,2";
				TEST_TARGET_NAME = Rocket;
			};
			name = Debug;
		};
		6F8BA3EF25D7D28C00EE7E2F /* Release */ = {
			isa = XCBuildConfiguration;
			buildSettings = {
				ALWAYS_EMBED_SWIFT_STANDARD_LIBRARIES = YES;
				CODE_SIGN_STYLE = Automatic;
				DEVELOPMENT_TEAM = 2MGZ93L9RY;
				INFOPLIST_FILE = RocketUITests/Info.plist;
				LD_RUNPATH_SEARCH_PATHS = (
					"$(inherited)",
					"@executable_path/Frameworks",
					"@loader_path/Frameworks",
				);
				PRODUCT_BUNDLE_IDENTIFIER = miquel.bosch.rocket.tech.RocketUITests;
				PRODUCT_NAME = "$(TARGET_NAME)";
				SWIFT_VERSION = 5.0;
				TARGETED_DEVICE_FAMILY = "1,2";
				TEST_TARGET_NAME = Rocket;
			};
			name = Release;
		};
		6F8BA53125D7DBED00EE7E2F /* Debug */ = {
			isa = XCBuildConfiguration;
			buildSettings = {
				CLANG_ENABLE_MODULES = YES;
				CODE_SIGN_STYLE = Automatic;
				CURRENT_PROJECT_VERSION = 1;
				DEFINES_MODULE = YES;
				DEVELOPMENT_TEAM = 2MGZ93L9RY;
				DYLIB_COMPATIBILITY_VERSION = 1;
				DYLIB_CURRENT_VERSION = 1;
				DYLIB_INSTALL_NAME_BASE = "@rpath";
				INFOPLIST_FILE = RocketLogic/HeaderFiles/Info.plist;
				INSTALL_PATH = "$(LOCAL_LIBRARY_DIR)/Frameworks";
				IPHONEOS_DEPLOYMENT_TARGET = 14.1;
				LD_RUNPATH_SEARCH_PATHS = (
					"$(inherited)",
					"@executable_path/Frameworks",
					"@loader_path/Frameworks",
				);
				PRODUCT_BUNDLE_IDENTIFIER = miquel.bosch.rocket.tech.RocketLogic;
				PRODUCT_NAME = "$(TARGET_NAME:c99extidentifier)";
				SKIP_INSTALL = YES;
				SWIFT_OPTIMIZATION_LEVEL = "-Onone";
				SWIFT_VERSION = 5.0;
				TARGETED_DEVICE_FAMILY = "1,2";
				VERSIONING_SYSTEM = "apple-generic";
				VERSION_INFO_PREFIX = "";
			};
			name = Debug;
		};
		6F8BA53225D7DBED00EE7E2F /* Release */ = {
			isa = XCBuildConfiguration;
			buildSettings = {
				CLANG_ENABLE_MODULES = YES;
				CODE_SIGN_STYLE = Automatic;
				CURRENT_PROJECT_VERSION = 1;
				DEFINES_MODULE = YES;
				DEVELOPMENT_TEAM = 2MGZ93L9RY;
				DYLIB_COMPATIBILITY_VERSION = 1;
				DYLIB_CURRENT_VERSION = 1;
				DYLIB_INSTALL_NAME_BASE = "@rpath";
				INFOPLIST_FILE = RocketLogic/HeaderFiles/Info.plist;
				INSTALL_PATH = "$(LOCAL_LIBRARY_DIR)/Frameworks";
				IPHONEOS_DEPLOYMENT_TARGET = 14.1;
				LD_RUNPATH_SEARCH_PATHS = (
					"$(inherited)",
					"@executable_path/Frameworks",
					"@loader_path/Frameworks",
				);
				PRODUCT_BUNDLE_IDENTIFIER = miquel.bosch.rocket.tech.RocketLogic;
				PRODUCT_NAME = "$(TARGET_NAME:c99extidentifier)";
				SKIP_INSTALL = YES;
				SWIFT_VERSION = 5.0;
				TARGETED_DEVICE_FAMILY = "1,2";
				VERSIONING_SYSTEM = "apple-generic";
				VERSION_INFO_PREFIX = "";
			};
			name = Release;
		};
		6F8BA53325D7DBED00EE7E2F /* Debug */ = {
			isa = XCBuildConfiguration;
			buildSettings = {
				ALWAYS_EMBED_SWIFT_STANDARD_LIBRARIES = YES;
				CODE_SIGN_STYLE = Automatic;
				DEVELOPMENT_TEAM = 2MGZ93L9RY;
				INFOPLIST_FILE = RocketLogicTests/Info.plist;
				LD_RUNPATH_SEARCH_PATHS = (
					"$(inherited)",
					"@executable_path/Frameworks",
					"@loader_path/Frameworks",
				);
				PRODUCT_BUNDLE_IDENTIFIER = miquel.bosch.rocket.tech.RocketLogicTests;
				PRODUCT_NAME = "$(TARGET_NAME)";
				SWIFT_VERSION = 5.0;
				TARGETED_DEVICE_FAMILY = "1,2";
				TEST_HOST = "$(BUILT_PRODUCTS_DIR)/Rocket.app/Rocket";
			};
			name = Debug;
		};
		6F8BA53425D7DBED00EE7E2F /* Release */ = {
			isa = XCBuildConfiguration;
			buildSettings = {
				ALWAYS_EMBED_SWIFT_STANDARD_LIBRARIES = YES;
				CODE_SIGN_STYLE = Automatic;
				DEVELOPMENT_TEAM = 2MGZ93L9RY;
				INFOPLIST_FILE = RocketLogicTests/Info.plist;
				LD_RUNPATH_SEARCH_PATHS = (
					"$(inherited)",
					"@executable_path/Frameworks",
					"@loader_path/Frameworks",
				);
				PRODUCT_BUNDLE_IDENTIFIER = miquel.bosch.rocket.tech.RocketLogicTests;
				PRODUCT_NAME = "$(TARGET_NAME)";
				SWIFT_VERSION = 5.0;
				TARGETED_DEVICE_FAMILY = "1,2";
				TEST_HOST = "$(BUILT_PRODUCTS_DIR)/Rocket.app/Rocket";
			};
			name = Release;
		};
/* End XCBuildConfiguration section */

/* Begin XCConfigurationList section */
		6F8BA3B825D7D28900EE7E2F /* Build configuration list for PBXProject "Rocket" */ = {
			isa = XCConfigurationList;
			buildConfigurations = (
				6F8BA3E525D7D28C00EE7E2F /* Debug */,
				6F8BA3E625D7D28C00EE7E2F /* Release */,
			);
			defaultConfigurationIsVisible = 0;
			defaultConfigurationName = Release;
		};
		6F8BA3E725D7D28C00EE7E2F /* Build configuration list for PBXNativeTarget "Rocket" */ = {
			isa = XCConfigurationList;
			buildConfigurations = (
				6F8BA3E825D7D28C00EE7E2F /* Debug */,
				6F8BA3E925D7D28C00EE7E2F /* Release */,
			);
			defaultConfigurationIsVisible = 0;
			defaultConfigurationName = Release;
		};
		6F8BA3EA25D7D28C00EE7E2F /* Build configuration list for PBXNativeTarget "RocketTests" */ = {
			isa = XCConfigurationList;
			buildConfigurations = (
				6F8BA3EB25D7D28C00EE7E2F /* Debug */,
				6F8BA3EC25D7D28C00EE7E2F /* Release */,
			);
			defaultConfigurationIsVisible = 0;
			defaultConfigurationName = Release;
		};
		6F8BA3ED25D7D28C00EE7E2F /* Build configuration list for PBXNativeTarget "RocketUITests" */ = {
			isa = XCConfigurationList;
			buildConfigurations = (
				6F8BA3EE25D7D28C00EE7E2F /* Debug */,
				6F8BA3EF25D7D28C00EE7E2F /* Release */,
			);
			defaultConfigurationIsVisible = 0;
			defaultConfigurationName = Release;
		};
		6F8BA53525D7DBED00EE7E2F /* Build configuration list for PBXNativeTarget "RocketLogic" */ = {
			isa = XCConfigurationList;
			buildConfigurations = (
				6F8BA53125D7DBED00EE7E2F /* Debug */,
				6F8BA53225D7DBED00EE7E2F /* Release */,
			);
			defaultConfigurationIsVisible = 0;
			defaultConfigurationName = Release;
		};
		6F8BA53625D7DBED00EE7E2F /* Build configuration list for PBXNativeTarget "RocketLogicTests" */ = {
			isa = XCConfigurationList;
			buildConfigurations = (
				6F8BA53325D7DBED00EE7E2F /* Debug */,
				6F8BA53425D7DBED00EE7E2F /* Release */,
			);
			defaultConfigurationIsVisible = 0;
			defaultConfigurationName = Release;
		};
/* End XCConfigurationList section */
	};
	rootObject = 6F8BA3B525D7D28900EE7E2F /* Project object */;
}
